// !$*UTF8*$!
{
	archiveVersion = 1;
	classes = {
	};
	objectVersion = 55;
	objects = {

/* Begin PBXBuildFile section */
		0C56FB232790C37000750BAA /* HW3_2SwiftUIApp.swift in Sources */ = {isa = PBXBuildFile; fileRef = 0C56FB222790C37000750BAA /* HW3_2SwiftUIApp.swift */; };
		0C56FB252790C37000750BAA /* ContentView.swift in Sources */ = {isa = PBXBuildFile; fileRef = 0C56FB242790C37000750BAA /* ContentView.swift */; };
		0C56FB272790C37800750BAA /* Assets.xcassets in Resources */ = {isa = PBXBuildFile; fileRef = 0C56FB262790C37800750BAA /* Assets.xcassets */; };
		0C56FB2A2790C37800750BAA /* Preview Assets.xcassets in Resources */ = {isa = PBXBuildFile; fileRef = 0C56FB292790C37800750BAA /* Preview Assets.xcassets */; };
		0C56FB3127914BCA00750BAA /* ColorView.swift in Sources */ = {isa = PBXBuildFile; fileRef = 0C56FB3027914BCA00750BAA /* ColorView.swift */; };
		0C56FB3327914E0D00750BAA /* ColorSlider.swift in Sources */ = {isa = PBXBuildFile; fileRef = 0C56FB3227914E0D00750BAA /* ColorSlider.swift */; };
		0C56FB352791532B00750BAA /* SliderValueLabel.swift in Sources */ = {isa = PBXBuildFile; fileRef = 0C56FB342791532B00750BAA /* SliderValueLabel.swift */; };
		0C56FB37279153F500750BAA /* SliderValueTF.swift in Sources */ = {isa = PBXBuildFile; fileRef = 0C56FB36279153F500750BAA /* SliderValueTF.swift */; };
/* End PBXBuildFile section */

/* Begin PBXFileReference section */
		0C56FB1F2790C37000750BAA /* HW3.2SwiftUI.app */ = {isa = PBXFileReference; explicitFileType = wrapper.application; includeInIndex = 0; path = HW3.2SwiftUI.app; sourceTree = BUILT_PRODUCTS_DIR; };
		0C56FB222790C37000750BAA /* HW3_2SwiftUIApp.swift */ = {isa = PBXFileReference; lastKnownFileType = sourcecode.swift; path = HW3_2SwiftUIApp.swift; sourceTree = "<group>"; };
		0C56FB242790C37000750BAA /* ContentView.swift */ = {isa = PBXFileReference; lastKnownFileType = sourcecode.swift; path = ContentView.swift; sourceTree = "<group>"; };
		0C56FB262790C37800750BAA /* Assets.xcassets */ = {isa = PBXFileReference; lastKnownFileType = folder.assetcatalog; path = Assets.xcassets; sourceTree = "<group>"; };
		0C56FB292790C37800750BAA /* Preview Assets.xcassets */ = {isa = PBXFileReference; lastKnownFileType = folder.assetcatalog; path = "Preview Assets.xcassets"; sourceTree = "<group>"; };
		0C56FB3027914BCA00750BAA /* ColorView.swift */ = {isa = PBXFileReference; lastKnownFileType = sourcecode.swift; path = ColorView.swift; sourceTree = "<group>"; };
		0C56FB3227914E0D00750BAA /* ColorSlider.swift */ = {isa = PBXFileReference; lastKnownFileType = sourcecode.swift; path = ColorSlider.swift; sourceTree = "<group>"; };
		0C56FB342791532B00750BAA /* SliderValueLabel.swift */ = {isa = PBXFileReference; lastKnownFileType = sourcecode.swift; path = SliderValueLabel.swift; sourceTree = "<group>"; };
		0C56FB36279153F500750BAA /* SliderValueTF.swift */ = {isa = PBXFileReference; lastKnownFileType = sourcecode.swift; path = SliderValueTF.swift; sourceTree = "<group>"; };
/* End PBXFileReference section */

/* Begin PBXFrameworksBuildPhase section */
		0C56FB1C2790C37000750BAA /* Frameworks */ = {
			isa = PBXFrameworksBuildPhase;
			buildActionMask = 2147483647;
			files = (
			);
			runOnlyForDeploymentPostprocessing = 0;
		};
/* End PBXFrameworksBuildPhase section */

/* Begin PBXGroup section */
		0C56FB162790C37000750BAA = {
			isa = PBXGroup;
			children = (
				0C56FB212790C37000750BAA /* HW3.2SwiftUI */,
				0C56FB202790C37000750BAA /* Products */,
			);
			sourceTree = "<group>";
		};
		0C56FB202790C37000750BAA /* Products */ = {
			isa = PBXGroup;
			children = (
				0C56FB1F2790C37000750BAA /* HW3.2SwiftUI.app */,
			);
			name = Products;
			sourceTree = "<group>";
		};
		0C56FB212790C37000750BAA /* HW3.2SwiftUI */ = {
			isa = PBXGroup;
			children = (
				0C56FB222790C37000750BAA /* HW3_2SwiftUIApp.swift */,
				0C56FB242790C37000750BAA /* ContentView.swift */,
				0C56FB262790C37800750BAA /* Assets.xcassets */,
				0C56FB282790C37800750BAA /* Preview Content */,
				0C56FB3027914BCA00750BAA /* ColorView.swift */,
				0C56FB3227914E0D00750BAA /* ColorSlider.swift */,
				0C56FB342791532B00750BAA /* SliderValueLabel.swift */,
				0C56FB36279153F500750BAA /* SliderValueTF.swift */,
			);
			path = HW3.2SwiftUI;
			sourceTree = "<group>";
		};
		0C56FB282790C37800750BAA /* Preview Content */ = {
			isa = PBXGroup;
			children = (
				0C56FB292790C37800750BAA /* Preview Assets.xcassets */,
			);
			path = "Preview Content";
			sourceTree = "<group>";
		};
/* End PBXGroup section */

/* Begin PBXNativeTarget section */
		0C56FB1E2790C37000750BAA /* HW3.2SwiftUI */ = {
			isa = PBXNativeTarget;
			buildConfigurationList = 0C56FB2D2790C37800750BAA /* Build configuration list for PBXNativeTarget "HW3.2SwiftUI" */;
			buildPhases = (
				0C56FB1B2790C37000750BAA /* Sources */,
				0C56FB1C2790C37000750BAA /* Frameworks */,
				0C56FB1D2790C37000750BAA /* Resources */,
			);
			buildRules = (
			);
			dependencies = (
			);
			name = HW3.2SwiftUI;
			productName = HW3.2SwiftUI;
			productReference = 0C56FB1F2790C37000750BAA /* HW3.2SwiftUI.app */;
			productType = "com.apple.product-type.application";
		};
/* End PBXNativeTarget section */

/* Begin PBXProject section */
		0C56FB172790C37000750BAA /* Project object */ = {
			isa = PBXProject;
			attributes = {
				BuildIndependentTargetsInParallel = 1;
				LastSwiftUpdateCheck = 1300;
				LastUpgradeCheck = 1300;
				TargetAttributes = {
					0C56FB1E2790C37000750BAA = {
						CreatedOnToolsVersion = 13.0;
					};
				};
			};
			buildConfigurationList = 0C56FB1A2790C37000750BAA /* Build configuration list for PBXProject "HW3.2SwiftUI" */;
			compatibilityVersion = "Xcode 13.0";
			developmentRegion = en;
			hasScannedForEncodings = 0;
			knownRegions = (
				en,
				Base,
			);
			mainGroup = 0C56FB162790C37000750BAA;
			productRefGroup = 0C56FB202790C37000750BAA /* Products */;
			projectDirPath = "";
			projectRoot = "";
			targets = (
				0C56FB1E2790C37000750BAA /* HW3.2SwiftUI */,
			);
		};
/* End PBXProject section */

/* Begin PBXResourcesBuildPhase section */
		0C56FB1D2790C37000750BAA /* Resources */ = {
			isa = PBXResourcesBuildPhase;
			buildActionMask = 2147483647;
			files = (
				0C56FB2A2790C37800750BAA /* Preview Assets.xcassets in Resources */,
				0C56FB272790C37800750BAA /* Assets.xcassets in Resources */,
			);
			runOnlyForDeploymentPostprocessing = 0;
		};
/* End PBXResourcesBuildPhase section */

/* Begin PBXSourcesBuildPhase section */
		0C56FB1B2790C37000750BAA /* Sources */ = {
			isa = PBXSourcesBuildPhase;
			buildActionMask = 2147483647;
			files = (
				0C56FB3127914BCA00750BAA /* ColorView.swift in Sources */,
				0C56FB352791532B00750BAA /* SliderValueLabel.swift in Sources */,
				0C56FB252790C37000750BAA /* ContentView.swift in Sources */,
				0C56FB3327914E0D00750BAA /* ColorSlider.swift in Sources */,
				0C56FB37279153F500750BAA /* SliderValueTF.swift in Sources */,
				0C56FB232790C37000750BAA /* HW3_2SwiftUIApp.swift in Sources */,
			);
			runOnlyForDeploymentPostprocessing = 0;
		};
/* End PBXSourcesBuildPhase section */

/* Begin XCBuildConfiguration section */
		0C56FB2B2790C37800750BAA /* Debug */ = {
			isa = XCBuildConfiguration;
			buildSettings = {
				ALWAYS_SEARCH_USER_PATHS = NO;
				CLANG_ANALYZER_NONNULL = YES;
				CLANG_ANALYZER_NUMBER_OBJECT_CONVERSION = YES_AGGRESSIVE;
				CLANG_CXX_LANGUAGE_STANDARD = "gnu++17";
				CLANG_CXX_LIBRARY = "libc++";
				CLANG_ENABLE_MODULES = YES;
				CLANG_ENABLE_OBJC_ARC = YES;
				CLANG_ENABLE_OBJC_WEAK = YES;
				CLANG_WARN_BLOCK_CAPTURE_AUTORELEASING = YES;
				CLANG_WARN_BOOL_CONVERSION = YES;
				CLANG_WARN_COMMA = YES;
				CLANG_WARN_CONSTANT_CONVERSION = YES;
				CLANG_WARN_DEPRECATED_OBJC_IMPLEMENTATIONS = YES;
				CLANG_WARN_DIRECT_OBJC_ISA_USAGE = YES_ERROR;
				CLANG_WARN_DOCUMENTATION_COMMENTS = YES;
				CLANG_WARN_EMPTY_BODY = YES;
				CLANG_WARN_ENUM_CONVERSION = YES;
				CLANG_WARN_INFINITE_RECURSION = YES;
				CLANG_WARN_INT_CONVERSION = YES;
				CLANG_WARN_NON_LITERAL_NULL_CONVERSION = YES;
				CLANG_WARN_OBJC_IMPLICIT_RETAIN_SELF = YES;
				CLANG_WARN_OBJC_LITERAL_CONVERSION = YES;
				CLANG_WARN_OBJC_ROOT_CLASS = YES_ERROR;
				CLANG_WARN_QUOTED_INCLUDE_IN_FRAMEWORK_HEADER = YES;
				CLANG_WARN_RANGE_LOOP_ANALYSIS = YES;
				CLANG_WARN_STRICT_PROTOTYPES = YES;
				CLANG_WARN_SUSPICIOUS_MOVE = YES;
				CLANG_WARN_UNGUARDED_AVAILABILITY = YES_AGGRESSIVE;
				CLANG_WARN_UNREACHABLE_CODE = YES;
				CLANG_WARN__DUPLICATE_METHOD_MATCH = YES;
				COPY_PHASE_STRIP = NO;
				DEBUG_INFORMATION_FORMAT = dwarf;
				ENABLE_STRICT_OBJC_MSGSEND = YES;
				ENABLE_TESTABILITY = YES;
				GCC_C_LANGUAGE_STANDARD = gnu11;
				GCC_DYNAMIC_NO_PIC = NO;
				GCC_NO_COMMON_BLOCKS = YES;
				GCC_OPTIMIZATION_LEVEL = 0;
				GCC_PREPROCESSOR_DEFINITIONS = (
					"DEBUG=1",
					"$(inherited)",
				);
				GCC_WARN_64_TO_32_BIT_CONVERSION = YES;
				GCC_WARN_ABOUT_RETURN_TYPE = YES_ERROR;
				GCC_WARN_UNDECLARED_SELECTOR = YES;
				GCC_WARN_UNINITIALIZED_AUTOS = YES_AGGRESSIVE;
				GCC_WARN_UNUSED_FUNCTION = YES;
				GCC_WARN_UNUSED_VARIABLE = YES;
				IPHONEOS_DEPLOYMENT_TARGET = 15.0;
				MTL_ENABLE_DEBUG_INFO = INCLUDE_SOURCE;
				MTL_FAST_MATH = YES;
				ONLY_ACTIVE_ARCH = YES;
				SDKROOT = iphoneos;
				SWIFT_ACTIVE_COMPILATION_CONDITIONS = DEBUG;
				SWIFT_OPTIMIZATION_LEVEL = "-Onone";
			};
			name = Debug;
		};
		0C56FB2C2790C37800750BAA /* Release */ = {
			isa = XCBuildConfiguration;
			buildSettings = {
				ALWAYS_SEARCH_USER_PATHS = NO;
				CLANG_ANALYZER_NONNULL = YES;
				CLANG_ANALYZER_NUMBER_OBJECT_CONVERSION = YES_AGGRESSIVE;
				CLANG_CXX_LANGUAGE_STANDARD = "gnu++17";
				CLANG_CXX_LIBRARY = "libc++";
				CLANG_ENABLE_MODULES = YES;
				CLANG_ENABLE_OBJC_ARC = YES;
				CLANG_ENABLE_OBJC_WEAK = YES;
				CLANG_WARN_BLOCK_CAPTURE_AUTORELEASING = YES;
				CLANG_WARN_BOOL_CONVERSION = YES;
				CLANG_WARN_COMMA = YES;
				CLANG_WARN_CONSTANT_CONVERSION = YES;
				CLANG_WARN_DEPRECATED_OBJC_IMPLEMENTATIONS = YES;
				CLANG_WARN_DIRECT_OBJC_ISA_USAGE = YES_ERROR;
				CLANG_WARN_DOCUMENTATION_COMMENTS = YES;
				CLANG_WARN_EMPTY_BODY = YES;
				CLANG_WARN_ENUM_CONVERSION = YES;
				CLANG_WARN_INFINITE_RECURSION = YES;
				CLANG_WARN_INT_CONVERSION = YES;
				CLANG_WARN_NON_LITERAL_NULL_CONVERSION = YES;
				CLANG_WARN_OBJC_IMPLICIT_RETAIN_SELF = YES;
				CLANG_WARN_OBJC_LITERAL_CONVERSION = YES;
				CLANG_WARN_OBJC_ROOT_CLASS = YES_ERROR;
				CLANG_WARN_QUOTED_INCLUDE_IN_FRAMEWORK_HEADER = YES;
				CLANG_WARN_RANGE_LOOP_ANALYSIS = YES;
				CLANG_WARN_STRICT_PROTOTYPES = YES;
				CLANG_WARN_SUSPICIOUS_MOVE = YES;
				CLANG_WARN_UNGUARDED_AVAILABILITY = YES_AGGRESSIVE;
				CLANG_WARN_UNREACHABLE_CODE = YES;
				CLANG_WARN__DUPLICATE_METHOD_MATCH = YES;
				COPY_PHASE_STRIP = NO;
				DEBUG_INFORMATION_FORMAT = "dwarf-with-dsym";
				ENABLE_NS_ASSERTIONS = NO;
				ENABLE_STRICT_OBJC_MSGSEND = YES;
				GCC_C_LANGUAGE_STANDARD = gnu11;
				GCC_NO_COMMON_BLOCKS = YES;
				GCC_WARN_64_TO_32_BIT_CONVERSION = YES;
				GCC_WARN_ABOUT_RETURN_TYPE = YES_ERROR;
				GCC_WARN_UNDECLARED_SELECTOR = YES;
				GCC_WARN_UNINITIALIZED_AUTOS = YES_AGGRESSIVE;
				GCC_WARN_UNUSED_FUNCTION = YES;
				GCC_WARN_UNUSED_VARIABLE = YES;
				IPHONEOS_DEPLOYMENT_TARGET = 15.0;
				MTL_ENABLE_DEBUG_INFO = NO;
				MTL_FAST_MATH = YES;
				SDKROOT = iphoneos;
				SWIFT_COMPILATION_MODE = wholemodule;
				SWIFT_OPTIMIZATION_LEVEL = "-O";
				VALIDATE_PRODUCT = YES;
			};
			name = Release;
		};
		0C56FB2E2790C37800750BAA /* Debug */ = {
			isa = XCBuildConfiguration;
			buildSettings = {
				ASSETCATALOG_COMPILER_APPICON_NAME = AppIcon;
				ASSETCATALOG_COMPILER_GLOBAL_ACCENT_COLOR_NAME = AccentColor;
				CODE_SIGN_STYLE = Automatic;
				CURRENT_PROJECT_VERSION = 1;
				DEVELOPMENT_ASSET_PATHS = "\"HW3.2SwiftUI/Preview Content\"";
				DEVELOPMENT_TEAM = 34Z8NDR4PG;
				ENABLE_PREVIEWS = YES;
				GENERATE_INFOPLIST_FILE = YES;
				INFOPLIST_KEY_UIApplicationSceneManifest_Generation = YES;
				INFOPLIST_KEY_UIApplicationSupportsIndirectInputEvents = YES;
				INFOPLIST_KEY_UILaunchScreen_Generation = YES;
				INFOPLIST_KEY_UISupportedInterfaceOrientations_iPad = "UIInterfaceOrientationPortrait UIInterfaceOrientationPortraitUpsideDown UIInterfaceOrientationLandscapeLeft UIInterfaceOrientationLandscapeRight";
				INFOPLIST_KEY_UISupportedInterfaceOrientations_iPhone = "UIInterfaceOrientationPortrait UIInterfaceOrientationLandscapeLeft UIInterfaceOrientationLandscapeRight";
				IPHONEOS_DEPLOYMENT_TARGET = 14.0;
				LD_RUNPATH_SEARCH_PATHS = (
					"$(inherited)",
					"@executable_path/Frameworks",
				);
				MARKETING_VERSION = 1.0;
				PRODUCT_BUNDLE_IDENTIFIER = "com.mekkers.HW3-2SwiftUI";
				PRODUCT_NAME = "$(TARGET_NAME)";
				SWIFT_EMIT_LOC_STRINGS = YES;
				SWIFT_VERSION = 5.0;
				TARGETED_DEVICE_FAMILY = "1,2";
			};
			name = Debug;
		};
		0C56FB2F2790C37800750BAA /* Release */ = {
			isa = XCBuildConfiguration;
			buildSettings = {
				ASSETCATALOG_COMPILER_APPICON_NAME = AppIcon;
				ASSETCATALOG_COMPILER_GLOBAL_ACCENT_COLOR_NAME = AccentColor;
				CODE_SIGN_STYLE = Automatic;
				CURRENT_PROJECT_VERSION = 1;
				DEVELOPMENT_ASSET_PATHS = "\"HW3.2SwiftUI/Preview Content\"";
				DEVELOPMENT_TEAM = 34Z8NDR4PG;
				ENABLE_PREVIEWS = YES;
				GENERATE_INFOPLIST_FILE = YES;
				INFOPLIST_KEY_UIApplicationSceneManifest_Generation = YES;
				INFOPLIST_KEY_UIApplicationSupportsIndirectInputEvents = YES;
				INFOPLIST_KEY_UILaunchScreen_Generation = YES;
				INFOPLIST_KEY_UISupportedInterfaceOrientations_iPad = "UIInterfaceOrientationPortrait UIInterfaceOrientationPortraitUpsideDown UIInterfaceOrientationLandscapeLeft UIInterfaceOrientationLandscapeRight";
				INFOPLIST_KEY_UISupportedInterfaceOrientations_iPhone = "UIInterfaceOrientationPortrait UIInterfaceOrientationLandscapeLeft UIInterfaceOrientationLandscapeRight";
				IPHONEOS_DEPLOYMENT_TARGET = 14.0;
				LD_RUNPATH_SEARCH_PATHS = (
					"$(inherited)",
					"@executable_path/Frameworks",
				);
				MARKETING_VERSION = 1.0;
				PRODUCT_BUNDLE_IDENTIFIER = "com.mekkers.HW3-2SwiftUI";
				PRODUCT_NAME = "$(TARGET_NAME)";
				SWIFT_EMIT_LOC_STRINGS = YES;
				SWIFT_VERSION = 5.0;
				TARGETED_DEVICE_FAMILY = "1,2";
			};
			name = Release;
		};
/* End XCBuildConfiguration section */

/* Begin XCConfigurationList section */
		0C56FB1A2790C37000750BAA /* Build configuration list for PBXProject "HW3.2SwiftUI" */ = {
			isa = XCConfigurationList;
			buildConfigurations = (
				0C56FB2B2790C37800750BAA /* Debug */,
				0C56FB2C2790C37800750BAA /* Release */,
			);
			defaultConfigurationIsVisible = 0;
			defaultConfigurationName = Release;
		};
		0C56FB2D2790C37800750BAA /* Build configuration list for PBXNativeTarget "HW3.2SwiftUI" */ = {
			isa = XCConfigurationList;
			buildConfigurations = (
				0C56FB2E2790C37800750BAA /* Debug */,
				0C56FB2F2790C37800750BAA /* Release */,
			);
			defaultConfigurationIsVisible = 0;
			defaultConfigurationName = Release;
		};
/* End XCConfigurationList section */
	};
	rootObject = 0C56FB172790C37000750BAA /* Project object */;
}
